
Microsoft Visual Studio Solution File, Format Version 12.00
Project("{FAE04EC0-301F-11D3-BF4B-00C04F79EFBC}") = "CSVirtualMethods", "CSVirtualMethods\CSVirtualMethods.csproj", "{1F085085-BF72-4EEC-864C-8C937F65513D}"
EndProject
Project("{FAE04EC0-301F-11D3-BF4B-00C04F79EFBC}") = "CSInterfaces", "CSInterfaces\CSInterfaces.csproj", "{F1BABAB6-ADDA-4FFC-B851-766465F64892}"
EndProject
Project("{FAE04EC0-301F-11D3-BF4B-00C04F79EFBC}") = "GameVectors", "GameVectors\GameVectors.csproj", "{3AEF5938-EC4F-4A45-B0AC-696CDDC89850}"
EndProject
Project("{FAE04EC0-301F-11D3-BF4B-00C04F79EFBC}") = "CSAbstractClasses", "CSAbstractClasses\CSAbstractClasses.csproj", "{E2D5FD02-2FD3-45B9-AE6B-5E00853410C2}"
EndProject
Project("{FAE04EC0-301F-11D3-BF4B-00C04F79EFBC}") = "Demo1", "Demo1\Demo1.csproj", "{6D56027B-B8F9-4A85-AB5E-0042B4D3B595}"
EndProject
Project("{FAE04EC0-301F-11D3-BF4B-00C04F79EFBC}") = "CSConstructors", "CSConstructors\CSConstructors.csproj", "{74A5FAAF-D8CA-4540-B3EC-C9A92B7FE26E}"
EndProject
Project("{FAE04EC0-301F-11D3-BF4B-00C04F79EFBC}") = "CSReferenceAndValueType", "CSReferenceAndValueType\CSReferenceAndValueType.csproj", "{A73CEA7E-70DB-4EF5-B742-32B24B146C3D}"
EndProject
Project("{FAE04EC0-301F-11D3-BF4B-00C04F79EFBC}") = "CSCollections", "CSCollections\CSCollections.csproj", "{C58CD984-43C0-4D85-B59A-6A18A9F2657C}"
EndProject
Project("{FAE04EC0-301F-11D3-BF4B-00C04F79EFBC}") = "CSExceptions", "CSExceptions\CSExceptions.csproj", "{B2406326-8C38-4689-89A3-9E3E092463D1}"
EndProject
Project("{FAE04EC0-301F-11D3-BF4B-00C04F79EFBC}") = "AdoNetDemo", "AdoNetDemo\AdoNetDemo.csproj", "{DAD4FBD9-9C26-45CE-BDA7-33396F91FDBF}"
EndProject
Global
	GlobalSection(SolutionConfigurationPlatforms) = preSolution
		Debug|Any CPU = Debug|Any CPU
		Release|Any CPU = Release|Any CPU
	EndGlobalSection
	GlobalSection(ProjectConfigurationPlatforms) = postSolution
		{1F085085-BF72-4EEC-864C-8C937F65513D}.Debug|Any CPU.ActiveCfg = Debug|Any CPU
		{1F085085-BF72-4EEC-864C-8C937F65513D}.Debug|Any CPU.Build.0 = Debug|Any CPU
		{1F085085-BF72-4EEC-864C-8C937F65513D}.Release|Any CPU.ActiveCfg = Release|Any CPU
		{1F085085-BF72-4EEC-864C-8C937F65513D}.Release|Any CPU.Build.0 = Release|Any CPU
		{F1BABAB6-ADDA-4FFC-B851-766465F64892}.Debug|Any CPU.ActiveCfg = Debug|Any CPU
		{F1BABAB6-ADDA-4FFC-B851-766465F64892}.Debug|Any CPU.Build.0 = Debug|Any CPU
		{F1BABAB6-ADDA-4FFC-B851-766465F64892}.Release|Any CPU.ActiveCfg = Release|Any CPU
		{F1BABAB6-ADDA-4FFC-B851-766465F64892}.Release|Any CPU.Build.0 = Release|Any CPU
		{3AEF5938-EC4F-4A45-B0AC-696CDDC89850}.Debug|Any CPU.ActiveCfg = Debug|Any CPU
		{3AEF5938-EC4F-4A45-B0AC-696CDDC89850}.Debug|Any CPU.Build.0 = Debug|Any CPU
		{3AEF5938-EC4F-4A45-B0AC-696CDDC89850}.Release|Any CPU.ActiveCfg = Release|Any CPU
		{3AEF5938-EC4F-4A45-B0AC-696CDDC89850}.Release|Any CPU.Build.0 = Release|Any CPU
		{E2D5FD02-2FD3-45B9-AE6B-5E00853410C2}.Debug|Any CPU.ActiveCfg = Debug|Any CPU
		{E2D5FD02-2FD3-45B9-AE6B-5E00853410C2}.Debug|Any CPU.Build.0 = Debug|Any CPU
		{E2D5FD02-2FD3-45B9-AE6B-5E00853410C2}.Release|Any CPU.ActiveCfg = Release|Any CPU
		{E2D5FD02-2FD3-45B9-AE6B-5E00853410C2}.Release|Any CPU.Build.0 = Release|Any CPU
		{6D56027B-B8F9-4A85-AB5E-0042B4D3B595}.Debug|Any CPU.ActiveCfg = Debug|Any CPU
		{6D56027B-B8F9-4A85-AB5E-0042B4D3B595}.Debug|Any CPU.Build.0 = Debug|Any CPU
		{6D56027B-B8F9-4A85-AB5E-0042B4D3B595}.Release|Any CPU.ActiveCfg = Release|Any CPU
		{6D56027B-B8F9-4A85-AB5E-0042B4D3B595}.Release|Any CPU.Build.0 = Release|Any CPU
		{74A5FAAF-D8CA-4540-B3EC-C9A92B7FE26E}.Debug|Any CPU.ActiveCfg = Debug|Any CPU
		{74A5FAAF-D8CA-4540-B3EC-C9A92B7FE26E}.Debug|Any CPU.Build.0 = Debug|Any CPU
		{74A5FAAF-D8CA-4540-B3EC-C9A92B7FE26E}.Release|Any CPU.ActiveCfg = Release|Any CPU
		{74A5FAAF-D8CA-4540-B3EC-C9A92B7FE26E}.Release|Any CPU.Build.0 = Release|Any CPU
		{A73CEA7E-70DB-4EF5-B742-32B24B146C3D}.Debug|Any CPU.ActiveCfg = Debug|Any CPU
		{A73CEA7E-70DB-4EF5-B742-32B24B146C3D}.Debug|Any CPU.Build.0 = Debug|Any CPU
		{A73CEA7E-70DB-4EF5-B742-32B24B146C3D}.Release|Any CPU.ActiveCfg = Release|Any CPU
		{A73CEA7E-70DB-4EF5-B742-32B24B146C3D}.Release|Any CPU.Build.0 = Release|Any CPU
		{C58CD984-43C0-4D85-B59A-6A18A9F2657C}.Debug|Any CPU.ActiveCfg = Debug|Any CPU
		{C58CD984-43C0-4D85-B59A-6A18A9F2657C}.Debug|Any CPU.Build.0 = Debug|Any CPU
		{C58CD984-43C0-4D85-B59A-6A18A9F2657C}.Release|Any CPU.ActiveCfg = Release|Any CPU
		{C58CD984-43C0-4D85-B59A-6A18A9F2657C}.Release|Any CPU.Build.0 = Release|Any CPU
		{B2406326-8C38-4689-89A3-9E3E092463D1}.Debug|Any CPU.ActiveCfg = Debug|Any CPU
		{B2406326-8C38-4689-89A3-9E3E092463D1}.Debug|Any CPU.Build.0 = Debug|Any CPU
		{B2406326-8C38-4689-89A3-9E3E092463D1}.Release|Any CPU.ActiveCfg = Release|Any CPU
		{B2406326-8C38-4689-89A3-9E3E092463D1}.Release|Any CPU.Build.0 = Release|Any CPU
		{DAD4FBD9-9C26-45CE-BDA7-33396F91FDBF}.Debug|Any CPU.ActiveCfg = Debug|Any CPU
		{DAD4FBD9-9C26-45CE-BDA7-33396F91FDBF}.Debug|Any CPU.Build.0 = Debug|Any CPU
		{DAD4FBD9-9C26-45CE-BDA7-33396F91FDBF}.Release|Any CPU.ActiveCfg = Release|Any CPU
		{DAD4FBD9-9C26-45CE-BDA7-33396F91FDBF}.Release|Any CPU.Build.0 = Release|Any CPU
	EndGlobalSection
EndGlobal
